// !$*UTF8*$!
{
	archiveVersion = 1;
	classes = {
	};
	objectVersion = 50;
	objects = {

/* Begin PBXBuildFile section */
		25528E2B21259841006092EE /* AppDelegate.swift in Sources */ = {isa = PBXBuildFile; fileRef = 25528E2A21259841006092EE /* AppDelegate.swift */; };
		25528E2D21259841006092EE /* ViewController.swift in Sources */ = {isa = PBXBuildFile; fileRef = 25528E2C21259841006092EE /* ViewController.swift */; };
		25528E3021259841006092EE /* Main.storyboard in Resources */ = {isa = PBXBuildFile; fileRef = 25528E2E21259841006092EE /* Main.storyboard */; };
		25528E3221259843006092EE /* Assets.xcassets in Resources */ = {isa = PBXBuildFile; fileRef = 25528E3121259843006092EE /* Assets.xcassets */; };
		25528E3521259843006092EE /* LaunchScreen.storyboard in Resources */ = {isa = PBXBuildFile; fileRef = 25528E3321259843006092EE /* LaunchScreen.storyboard */; };
		25528E4021259843006092EE /* Egg_TimerTests.swift in Sources */ = {isa = PBXBuildFile; fileRef = 25528E3F21259843006092EE /* Egg_TimerTests.swift */; };
		25528E4B21259843006092EE /* Egg_TimerUITests.swift in Sources */ = {isa = PBXBuildFile; fileRef = 25528E4A21259843006092EE /* Egg_TimerUITests.swift */; };
/* End PBXBuildFile section */

/* Begin PBXContainerItemProxy section */
		25528E3C21259843006092EE /* PBXContainerItemProxy */ = {
			isa = PBXContainerItemProxy;
			containerPortal = 25528E1F21259841006092EE /* Project object */;
			proxyType = 1;
			remoteGlobalIDString = 25528E2621259841006092EE;
			remoteInfo = "Egg Timer";
		};
		25528E4721259843006092EE /* PBXContainerItemProxy */ = {
			isa = PBXContainerItemProxy;
			containerPortal = 25528E1F21259841006092EE /* Project object */;
			proxyType = 1;
			remoteGlobalIDString = 25528E2621259841006092EE;
			remoteInfo = "Egg Timer";
		};
/* End PBXContainerItemProxy section */

/* Begin PBXFileReference section */
		25528E2721259841006092EE /* Egg Timer.app */ = {isa = PBXFileReference; explicitFileType = wrapper.application; includeInIndex = 0; path = "Egg Timer.app"; sourceTree = BUILT_PRODUCTS_DIR; };
		25528E2A21259841006092EE /* AppDelegate.swift */ = {isa = PBXFileReference; lastKnownFileType = sourcecode.swift; path = AppDelegate.swift; sourceTree = "<group>"; };
		25528E2C21259841006092EE /* ViewController.swift */ = {isa = PBXFileReference; lastKnownFileType = sourcecode.swift; path = ViewController.swift; sourceTree = "<group>"; };
		25528E2F21259841006092EE /* Base */ = {isa = PBXFileReference; lastKnownFileType = file.storyboard; name = Base; path = Base.lproj/Main.storyboard; sourceTree = "<group>"; };
		25528E3121259843006092EE /* Assets.xcassets */ = {isa = PBXFileReference; lastKnownFileType = folder.assetcatalog; path = Assets.xcassets; sourceTree = "<group>"; };
		25528E3421259843006092EE /* Base */ = {isa = PBXFileReference; lastKnownFileType = file.storyboard; name = Base; path = Base.lproj/LaunchScreen.storyboard; sourceTree = "<group>"; };
		25528E3621259843006092EE /* Info.plist */ = {isa = PBXFileReference; lastKnownFileType = text.plist.xml; path = Info.plist; sourceTree = "<group>"; };
		25528E3B21259843006092EE /* Egg TimerTests.xctest */ = {isa = PBXFileReference; explicitFileType = wrapper.cfbundle; includeInIndex = 0; path = "Egg TimerTests.xctest"; sourceTree = BUILT_PRODUCTS_DIR; };
		25528E3F21259843006092EE /* Egg_TimerTests.swift */ = {isa = PBXFileReference; lastKnownFileType = sourcecode.swift; path = Egg_TimerTests.swift; sourceTree = "<group>"; };
		25528E4121259843006092EE /* Info.plist */ = {isa = PBXFileReference; lastKnownFileType = text.plist.xml; path = Info.plist; sourceTree = "<group>"; };
		25528E4621259843006092EE /* Egg TimerUITests.xctest */ = {isa = PBXFileReference; explicitFileType = wrapper.cfbundle; includeInIndex = 0; path = "Egg TimerUITests.xctest"; sourceTree = BUILT_PRODUCTS_DIR; };
		25528E4A21259843006092EE /* Egg_TimerUITests.swift */ = {isa = PBXFileReference; lastKnownFileType = sourcecode.swift; path = Egg_TimerUITests.swift; sourceTree = "<group>"; };
		25528E4C21259843006092EE /* Info.plist */ = {isa = PBXFileReference; lastKnownFileType = text.plist.xml; path = Info.plist; sourceTree = "<group>"; };
/* End PBXFileReference section */

/* Begin PBXFrameworksBuildPhase section */
		25528E2421259841006092EE /* Frameworks */ = {
			isa = PBXFrameworksBuildPhase;
			buildActionMask = 2147483647;
			files = (
			);
			runOnlyForDeploymentPostprocessing = 0;
		};
		25528E3821259843006092EE /* Frameworks */ = {
			isa = PBXFrameworksBuildPhase;
			buildActionMask = 2147483647;
			files = (
			);
			runOnlyForDeploymentPostprocessing = 0;
		};
		25528E4321259843006092EE /* Frameworks */ = {
			isa = PBXFrameworksBuildPhase;
			buildActionMask = 2147483647;
			files = (
			);
			runOnlyForDeploymentPostprocessing = 0;
		};
/* End PBXFrameworksBuildPhase section */

/* Begin PBXGroup section */
		25528E1E21259841006092EE = {
			isa = PBXGroup;
			children = (
				25528E2921259841006092EE /* Egg Timer */,
				25528E3E21259843006092EE /* Egg TimerTests */,
				25528E4921259843006092EE /* Egg TimerUITests */,
				25528E2821259841006092EE /* Products */,
			);
			sourceTree = "<group>";
		};
		25528E2821259841006092EE /* Products */ = {
			isa = PBXGroup;
			children = (
				25528E2721259841006092EE /* Egg Timer.app */,
				25528E3B21259843006092EE /* Egg TimerTests.xctest */,
				25528E4621259843006092EE /* Egg TimerUITests.xctest */,
			);
			name = Products;
			sourceTree = "<group>";
		};
		25528E2921259841006092EE /* Egg Timer */ = {
			isa = PBXGroup;
			children = (
				25528E2A21259841006092EE /* AppDelegate.swift */,
				25528E2C21259841006092EE /* ViewController.swift */,
				25528E2E21259841006092EE /* Main.storyboard */,
				25528E3121259843006092EE /* Assets.xcassets */,
				25528E3321259843006092EE /* LaunchScreen.storyboard */,
				25528E3621259843006092EE /* Info.plist */,
			);
			path = "Egg Timer";
			sourceTree = "<group>";
		};
		25528E3E21259843006092EE /* Egg TimerTests */ = {
			isa = PBXGroup;
			children = (
				25528E3F21259843006092EE /* Egg_TimerTests.swift */,
				25528E4121259843006092EE /* Info.plist */,
			);
			path = "Egg TimerTests";
			sourceTree = "<group>";
		};
		25528E4921259843006092EE /* Egg TimerUITests */ = {
			isa = PBXGroup;
			children = (
				25528E4A21259843006092EE /* Egg_TimerUITests.swift */,
				25528E4C21259843006092EE /* Info.plist */,
			);
			path = "Egg TimerUITests";
			sourceTree = "<group>";
		};
/* End PBXGroup section */

/* Begin PBXNativeTarget section */
		25528E2621259841006092EE /* Egg Timer */ = {
			isa = PBXNativeTarget;
			buildConfigurationList = 25528E4F21259843006092EE /* Build configuration list for PBXNativeTarget "Egg Timer" */;
			buildPhases = (
				25528E2321259841006092EE /* Sources */,
				25528E2421259841006092EE /* Frameworks */,
				25528E2521259841006092EE /* Resources */,
			);
			buildRules = (
			);
			dependencies = (
			);
			name = "Egg Timer";
			productName = "Egg Timer";
			productReference = 25528E2721259841006092EE /* Egg Timer.app */;
			productType = "com.apple.product-type.application";
		};
		25528E3A21259843006092EE /* Egg TimerTests */ = {
			isa = PBXNativeTarget;
			buildConfigurationList = 25528E5221259843006092EE /* Build configuration list for PBXNativeTarget "Egg TimerTests" */;
			buildPhases = (
				25528E3721259843006092EE /* Sources */,
				25528E3821259843006092EE /* Frameworks */,
				25528E3921259843006092EE /* Resources */,
			);
			buildRules = (
			);
			dependencies = (
				25528E3D21259843006092EE /* PBXTargetDependency */,
			);
			name = "Egg TimerTests";
			productName = "Egg TimerTests";
			productReference = 25528E3B21259843006092EE /* Egg TimerTests.xctest */;
			productType = "com.apple.product-type.bundle.unit-test";
		};
		25528E4521259843006092EE /* Egg TimerUITests */ = {
			isa = PBXNativeTarget;
			buildConfigurationList = 25528E5521259843006092EE /* Build configuration list for PBXNativeTarget "Egg TimerUITests" */;
			buildPhases = (
				25528E4221259843006092EE /* Sources */,
				25528E4321259843006092EE /* Frameworks */,
				25528E4421259843006092EE /* Resources */,
			);
			buildRules = (
			);
			dependencies = (
				25528E4821259843006092EE /* PBXTargetDependency */,
			);
			name = "Egg TimerUITests";
			productName = "Egg TimerUITests";
			productReference = 25528E4621259843006092EE /* Egg TimerUITests.xctest */;
			productType = "com.apple.product-type.bundle.ui-testing";
		};
/* End PBXNativeTarget section */

/* Begin PBXProject section */
		25528E1F21259841006092EE /* Project object */ = {
			isa = PBXProject;
			attributes = {
				LastSwiftUpdateCheck = 0940;
				LastUpgradeCheck = 0940;
				ORGANIZATIONNAME = dhanhost;
				TargetAttributes = {
					25528E2621259841006092EE = {
						CreatedOnToolsVersion = 9.4.1;
					};
					25528E3A21259843006092EE = {
						CreatedOnToolsVersion = 9.4.1;
						TestTargetID = 25528E2621259841006092EE;
					};
					25528E4521259843006092EE = {
						CreatedOnToolsVersion = 9.4.1;
						TestTargetID = 25528E2621259841006092EE;
					};
				};
			};
			buildConfigurationList = 25528E2221259841006092EE /* Build configuration list for PBXProject "Egg Timer" */;
			compatibilityVersion = "Xcode 9.3";
			developmentRegion = en;
			hasScannedForEncodings = 0;
			knownRegions = (
				en,
				Base,
			);
			mainGroup = 25528E1E21259841006092EE;
			productRefGroup = 25528E2821259841006092EE /* Products */;
			projectDirPath = "";
			projectRoot = "";
			targets = (
				25528E2621259841006092EE /* Egg Timer */,
				25528E3A21259843006092EE /* Egg TimerTests */,
				25528E4521259843006092EE /* Egg TimerUITests */,
			);
		};
/* End PBXProject section */

/* Begin PBXResourcesBuildPhase section */
		25528E2521259841006092EE /* Resources */ = {
			isa = PBXResourcesBuildPhase;
			buildActionMask = 2147483647;
			files = (
				25528E3521259843006092EE /* LaunchScreen.storyboard in Resources */,
				25528E3221259843006092EE /* Assets.xcassets in Resources */,
				25528E3021259841006092EE /* Main.storyboard in Resources */,
			);
			runOnlyForDeploymentPostprocessing = 0;
		};
		25528E3921259843006092EE /* Resources */ = {
			isa = PBXResourcesBuildPhase;
			buildActionMask = 2147483647;
			files = (
			);
			runOnlyForDeploymentPostprocessing = 0;
		};
		25528E4421259843006092EE /* Resources */ = {
			isa = PBXResourcesBuildPhase;
			buildActionMask = 2147483647;
			files = (
			);
			runOnlyForDeploymentPostprocessing = 0;
		};
/* End PBXResourcesBuildPhase section */

/* Begin PBXSourcesBuildPhase section */
		25528E2321259841006092EE /* Sources */ = {
			isa = PBXSourcesBuildPhase;
			buildActionMask = 2147483647;
			files = (
				25528E2D21259841006092EE /* ViewController.swift in Sources */,
				25528E2B21259841006092EE /* AppDelegate.swift in Sources */,
			);
			runOnlyForDeploymentPostprocessing = 0;
		};
		25528E3721259843006092EE /* Sources */ = {
			isa = PBXSourcesBuildPhase;
			buildActionMask = 2147483647;
			files = (
				25528E4021259843006092EE /* Egg_TimerTests.swift in Sources */,
			);
			runOnlyForDeploymentPostprocessing = 0;
		};
		25528E4221259843006092EE /* Sources */ = {
			isa = PBXSourcesBuildPhase;
			buildActionMask = 2147483647;
			files = (
				25528E4B21259843006092EE /* Egg_TimerUITests.swift in Sources */,
			);
			runOnlyForDeploymentPostprocessing = 0;
		};
/* End PBXSourcesBuildPhase section */

/* Begin PBXTargetDependency section */
		25528E3D21259843006092EE /* PBXTargetDependency */ = {
			isa = PBXTargetDependency;
			target = 25528E2621259841006092EE /* Egg Timer */;
			targetProxy = 25528E3C21259843006092EE /* PBXContainerItemProxy */;
		};
		25528E4821259843006092EE /* PBXTargetDependency */ = {
			isa = PBXTargetDependency;
			target = 25528E2621259841006092EE /* Egg Timer */;
			targetProxy = 25528E4721259843006092EE /* PBXContainerItemProxy */;
		};
/* End PBXTargetDependency section */

/* Begin PBXVariantGroup section */
		25528E2E21259841006092EE /* Main.storyboard */ = {
			isa = PBXVariantGroup;
			children = (
				25528E2F21259841006092EE /* Base */,
			);
			name = Main.storyboard;
			sourceTree = "<group>";
		};
		25528E3321259843006092EE /* LaunchScreen.storyboard */ = {
			isa = PBXVariantGroup;
			children = (
				25528E3421259843006092EE /* Base */,
			);
			name = LaunchScreen.storyboard;
			sourceTree = "<group>";
		};
/* End PBXVariantGroup section */

/* Begin XCBuildConfiguration section */
		25528E4D21259843006092EE /* Debug */ = {
			isa = XCBuildConfiguration;
			buildSettings = {
				ALWAYS_SEARCH_USER_PATHS = NO;
				CLANG_ANALYZER_NONNULL = YES;
				CLANG_ANALYZER_NUMBER_OBJECT_CONVERSION = YES_AGGRESSIVE;
				CLANG_CXX_LANGUAGE_STANDARD = "gnu++14";
				CLANG_CXX_LIBRARY = "libc++";
				CLANG_ENABLE_MODULES = YES;
				CLANG_ENABLE_OBJC_ARC = YES;
				CLANG_ENABLE_OBJC_WEAK = YES;
				CLANG_WARN_BLOCK_CAPTURE_AUTORELEASING = YES;
				CLANG_WARN_BOOL_CONVERSION = YES;
				CLANG_WARN_COMMA = YES;
				CLANG_WARN_CONSTANT_CONVERSION = YES;
				CLANG_WARN_DEPRECATED_OBJC_IMPLEMENTATIONS = YES;
				CLANG_WARN_DIRECT_OBJC_ISA_USAGE = YES_ERROR;
				CLANG_WARN_DOCUMENTATION_COMMENTS = YES;
				CLANG_WARN_EMPTY_BODY = YES;
				CLANG_WARN_ENUM_CONVERSION = YES;
				CLANG_WARN_INFINITE_RECURSION = YES;
				CLANG_WARN_INT_CONVERSION = YES;
				CLANG_WARN_NON_LITERAL_NULL_CONVERSION = YES;
				CLANG_WARN_OBJC_IMPLICIT_RETAIN_SELF = YES;
				CLANG_WARN_OBJC_LITERAL_CONVERSION = YES;
				CLANG_WARN_OBJC_ROOT_CLASS = YES_ERROR;
				CLANG_WARN_RANGE_LOOP_ANALYSIS = YES;
				CLANG_WARN_STRICT_PROTOTYPES = YES;
				CLANG_WARN_SUSPICIOUS_MOVE = YES;
				CLANG_WARN_UNGUARDED_AVAILABILITY = YES_AGGRESSIVE;
				CLANG_WARN_UNREACHABLE_CODE = YES;
				CLANG_WARN__DUPLICATE_METHOD_MATCH = YES;
				CODE_SIGN_IDENTITY = "iPhone Developer";
				COPY_PHASE_STRIP = NO;
				DEBUG_INFORMATION_FORMAT = dwarf;
				ENABLE_STRICT_OBJC_MSGSEND = YES;
				ENABLE_TESTABILITY = YES;
				GCC_C_LANGUAGE_STANDARD = gnu11;
				GCC_DYNAMIC_NO_PIC = NO;
				GCC_NO_COMMON_BLOCKS = YES;
				GCC_OPTIMIZATION_LEVEL = 0;
				GCC_PREPROCESSOR_DEFINITIONS = (
					"DEBUG=1",
					"$(inherited)",
				);
				GCC_WARN_64_TO_32_BIT_CONVERSION = YES;
				GCC_WARN_ABOUT_RETURN_TYPE = YES_ERROR;
				GCC_WARN_UNDECLARED_SELECTOR = YES;
				GCC_WARN_UNINITIALIZED_AUTOS = YES_AGGRESSIVE;
				GCC_WARN_UNUSED_FUNCTION = YES;
				GCC_WARN_UNUSED_VARIABLE = YES;
				IPHONEOS_DEPLOYMENT_TARGET = 11.4;
				MTL_ENABLE_DEBUG_INFO = YES;
				ONLY_ACTIVE_ARCH = YES;
				SDKROOT = iphoneos;
				SWIFT_ACTIVE_COMPILATION_CONDITIONS = DEBUG;
				SWIFT_OPTIMIZATION_LEVEL = "-Onone";
			};
			name = Debug;
		};
		25528E4E21259843006092EE /* Release */ = {
			isa = XCBuildConfiguration;
			buildSettings = {
				ALWAYS_SEARCH_USER_PATHS = NO;
				CLANG_ANALYZER_NONNULL = YES;
				CLANG_ANALYZER_NUMBER_OBJECT_CONVERSION = YES_AGGRESSIVE;
				CLANG_CXX_LANGUAGE_STANDARD = "gnu++14";
				CLANG_CXX_LIBRARY = "libc++";
				CLANG_ENABLE_MODULES = YES;
				CLANG_ENABLE_OBJC_ARC = YES;
				CLANG_ENABLE_OBJC_WEAK = YES;
				CLANG_WARN_BLOCK_CAPTURE_AUTORELEASING = YES;
				CLANG_WARN_BOOL_CONVERSION = YES;
				CLANG_WARN_COMMA = YES;
				CLANG_WARN_CONSTANT_CONVERSION = YES;
				CLANG_WARN_DEPRECATED_OBJC_IMPLEMENTATIONS = YES;
				CLANG_WARN_DIRECT_OBJC_ISA_USAGE = YES_ERROR;
				CLANG_WARN_DOCUMENTATION_COMMENTS = YES;
				CLANG_WARN_EMPTY_BODY = YES;
				CLANG_WARN_ENUM_CONVERSION = YES;
				CLANG_WARN_INFINITE_RECURSION = YES;
				CLANG_WARN_INT_CONVERSION = YES;
				CLANG_WARN_NON_LITERAL_NULL_CONVERSION = YES;
				CLANG_WARN_OBJC_IMPLICIT_RETAIN_SELF = YES;
				CLANG_WARN_OBJC_LITERAL_CONVERSION = YES;
				CLANG_WARN_OBJC_ROOT_CLASS = YES_ERROR;
				CLANG_WARN_RANGE_LOOP_ANALYSIS = YES;
				CLANG_WARN_STRICT_PROTOTYPES = YES;
				CLANG_WARN_SUSPICIOUS_MOVE = YES;
				CLANG_WARN_UNGUARDED_AVAILABILITY = YES_AGGRESSIVE;
				CLANG_WARN_UNREACHABLE_CODE = YES;
				CLANG_WARN__DUPLICATE_METHOD_MATCH = YES;
				CODE_SIGN_IDENTITY = "iPhone Developer";
				COPY_PHASE_STRIP = NO;
				DEBUG_INFORMATION_FORMAT = "dwarf-with-dsym";
				ENABLE_NS_ASSERTIONS = NO;
				ENABLE_STRICT_OBJC_MSGSEND = YES;
				GCC_C_LANGUAGE_STANDARD = gnu11;
				GCC_NO_COMMON_BLOCKS = YES;
				GCC_WARN_64_TO_32_BIT_CONVERSION = YES;
				GCC_WARN_ABOUT_RETURN_TYPE = YES_ERROR;
				GCC_WARN_UNDECLARED_SELECTOR = YES;
				GCC_WARN_UNINITIALIZED_AUTOS = YES_AGGRESSIVE;
				GCC_WARN_UNUSED_FUNCTION = YES;
				GCC_WARN_UNUSED_VARIABLE = YES;
				IPHONEOS_DEPLOYMENT_TARGET = 11.4;
				MTL_ENABLE_DEBUG_INFO = NO;
				SDKROOT = iphoneos;
				SWIFT_COMPILATION_MODE = wholemodule;
				SWIFT_OPTIMIZATION_LEVEL = "-O";
				VALIDATE_PRODUCT = YES;
			};
			name = Release;
		};
		25528E5021259843006092EE /* Debug */ = {
			isa = XCBuildConfiguration;
			buildSettings = {
				ASSETCATALOG_COMPILER_APPICON_NAME = AppIcon;
				CODE_SIGN_STYLE = Automatic;
				INFOPLIST_FILE = "Egg Timer/Info.plist";
				LD_RUNPATH_SEARCH_PATHS = (
					"$(inherited)",
					"@executable_path/Frameworks",
				);
				PRODUCT_BUNDLE_IDENTIFIER = "com.dhanhost.Egg-Timer";
				PRODUCT_NAME = "$(TARGET_NAME)";
				SWIFT_VERSION = 4.0;
				TARGETED_DEVICE_FAMILY = "1,2";
			};
			name = Debug;
		};
		25528E5121259843006092EE /* Release */ = {
			isa = XCBuildConfiguration;
			buildSettings = {
				ASSETCATALOG_COMPILER_APPICON_NAME = AppIcon;
				CODE_SIGN_STYLE = Automatic;
				INFOPLIST_FILE = "Egg Timer/Info.plist";
				LD_RUNPATH_SEARCH_PATHS = (
					"$(inherited)",
					"@executable_path/Frameworks",
				);
				PRODUCT_BUNDLE_IDENTIFIER = "com.dhanhost.Egg-Timer";
				PRODUCT_NAME = "$(TARGET_NAME)";
				SWIFT_VERSION = 4.0;
				TARGETED_DEVICE_FAMILY = "1,2";
			};
			name = Release;
		};
		25528E5321259843006092EE /* Debug */ = {
			isa = XCBuildConfiguration;
			buildSettings = {
				ALWAYS_EMBED_SWIFT_STANDARD_LIBRARIES = YES;
				BUNDLE_LOADER = "$(TEST_HOST)";
				CODE_SIGN_STYLE = Automatic;
				INFOPLIST_FILE = "Egg TimerTests/Info.plist";
				LD_RUNPATH_SEARCH_PATHS = (
					"$(inherited)",
					"@executable_path/Frameworks",
					"@loader_path/Frameworks",
				);
				PRODUCT_BUNDLE_IDENTIFIER = "com.dhanhost.Egg-TimerTests";
				PRODUCT_NAME = "$(TARGET_NAME)";
				SWIFT_VERSION = 4.0;
				TARGETED_DEVICE_FAMILY = "1,2";
				TEST_HOST = "$(BUILT_PRODUCTS_DIR)/Egg Timer.app/Egg Timer";
			};
			name = Debug;
		};
		25528E5421259843006092EE /* Release */ = {
			isa = XCBuildConfiguration;
			buildSettings = {
				ALWAYS_EMBED_SWIFT_STANDARD_LIBRARIES = YES;
				BUNDLE_LOADER = "$(TEST_HOST)";
				CODE_SIGN_STYLE = Automatic;
				INFOPLIST_FILE = "Egg TimerTests/Info.plist";
				LD_RUNPATH_SEARCH_PATHS = (
					"$(inherited)",
					"@executable_path/Frameworks",
					"@loader_path/Frameworks",
				);
				PRODUCT_BUNDLE_IDENTIFIER = "com.dhanhost.Egg-TimerTests";
				PRODUCT_NAME = "$(TARGET_NAME)";
				SWIFT_VERSION = 4.0;
				TARGETED_DEVICE_FAMILY = "1,2";
				TEST_HOST = "$(BUILT_PRODUCTS_DIR)/Egg Timer.app/Egg Timer";
			};
			name = Release;
		};
		25528E5621259843006092EE /* Debug */ = {
			isa = XCBuildConfiguration;
			buildSettings = {
				ALWAYS_EMBED_SWIFT_STANDARD_LIBRARIES = YES;
				CODE_SIGN_STYLE = Automatic;
				INFOPLIST_FILE = "Egg TimerUITests/Info.plist";
				LD_RUNPATH_SEARCH_PATHS = (
					"$(inherited)",
					"@executable_path/Frameworks",
					"@loader_path/Frameworks",
				);
				PRODUCT_BUNDLE_IDENTIFIER = "com.dhanhost.Egg-TimerUITests";
				PRODUCT_NAME = "$(TARGET_NAME)";
				SWIFT_VERSION = 4.0;
				TARGETED_DEVICE_FAMILY = "1,2";
				TEST_TARGET_NAME = "Egg Timer";
			};
			name = Debug;
		};
		25528E5721259843006092EE /* Release */ = {
			isa = XCBuildConfiguration;
			buildSettings = {
				ALWAYS_EMBED_SWIFT_STANDARD_LIBRARIES = YES;
				CODE_SIGN_STYLE = Automatic;
				INFOPLIST_FILE = "Egg TimerUITests/Info.plist";
				LD_RUNPATH_SEARCH_PATHS = (
					"$(inherited)",
					"@executable_path/Frameworks",
					"@loader_path/Frameworks",
				);
				PRODUCT_BUNDLE_IDENTIFIER = "com.dhanhost.Egg-TimerUITests";
				PRODUCT_NAME = "$(TARGET_NAME)";
				SWIFT_VERSION = 4.0;
				TARGETED_DEVICE_FAMILY = "1,2";
				TEST_TARGET_NAME = "Egg Timer";
			};
			name = Release;
		};
/* End XCBuildConfiguration section */

/* Begin XCConfigurationList section */
		25528E2221259841006092EE /* Build configuration list for PBXProject "Egg Timer" */ = {
			isa = XCConfigurationList;
			buildConfigurations = (
				25528E4D21259843006092EE /* Debug */,
				25528E4E21259843006092EE /* Release */,
			);
			defaultConfigurationIsVisible = 0;
			defaultConfigurationName = Release;
		};
		25528E4F21259843006092EE /* Build configuration list for PBXNativeTarget "Egg Timer" */ = {
			isa = XCConfigurationList;
			buildConfigurations = (
				25528E5021259843006092EE /* Debug */,
				25528E5121259843006092EE /* Release */,
			);
			defaultConfigurationIsVisible = 0;
			defaultConfigurationName = Release;
		};
		25528E5221259843006092EE /* Build configuration list for PBXNativeTarget "Egg TimerTests" */ = {
			isa = XCConfigurationList;
			buildConfigurations = (
				25528E5321259843006092EE /* Debug */,
				25528E5421259843006092EE /* Release */,
			);
			defaultConfigurationIsVisible = 0;
			defaultConfigurationName = Release;
		};
		25528E5521259843006092EE /* Build configuration list for PBXNativeTarget "Egg TimerUITests" */ = {
			isa = XCConfigurationList;
			buildConfigurations = (
				25528E5621259843006092EE /* Debug */,
				25528E5721259843006092EE /* Release */,
			);
			defaultConfigurationIsVisible = 0;
			defaultConfigurationName = Release;
		};
/* End XCConfigurationList section */
	};
	rootObject = 25528E1F21259841006092EE /* Project object */;
}
